
Microsoft Visual Studio Solution File, Format Version 12.00
Project("{FAE04EC0-301F-11D3-BF4B-00C04F79EFBC}") = "WebApiVersioning.Api", "WebApiVersioning.Api\WebApiVersioning.Api.csproj", "{D1D8C8F0-BD9A-4DBB-B5E9-565922E6C940}"
EndProject
Project("{2150E333-8FDC-42A3-9474-1A3956D46DE8}") = "SolutionFolder", "SolutionFolder", "{AF1B102F-33FB-4154-A030-F4134C97BFA6}"
ProjectSection(SolutionItems) = preProject
	global.json = global.json
	ReadMe.md = ReadMe.md
EndProjectSection
EndProject
Global
	GlobalSection(SolutionConfigurationPlatforms) = preSolution
		Debug|Any CPU = Debug|Any CPU
		Release|Any CPU = Release|Any CPU
	EndGlobalSection
	GlobalSection(ProjectConfigurationPlatforms) = postSolution
		{D1D8C8F0-BD9A-4DBB-B5E9-565922E6C940}.Debug|Any CPU.ActiveCfg = Debug|Any CPU
		{D1D8C8F0-BD9A-4DBB-B5E9-565922E6C940}.Debug|Any CPU.Build.0 = Debug|Any CPU
		{D1D8C8F0-BD9A-4DBB-B5E9-565922E6C940}.Release|Any CPU.ActiveCfg = Release|Any CPU
		{D1D8C8F0-BD9A-4DBB-B5E9-565922E6C940}.Release|Any CPU.Build.0 = Release|Any CPU
	EndGlobalSection
EndGlobal
